
Microsoft Visual Studio Solution File, Format Version 12.00
# Visual Studio Version 17
VisualStudioVersion = 17.5.33414.496
MinimumVisualStudioVersion = 10.0.40219.1
Project("{FAE04EC0-301F-11D3-BF4B-00C04F79EFBC}") = "ReactProjServer", "ReactProjServer.csproj", "{53C54AB9-93F3-448E-92C0-886A338BB76F}"
EndProject
Global
	GlobalSection(SolutionConfigurationPlatforms) = preSolution
		Debug|Any CPU = Debug|Any CPU
		Release|Any CPU = Release|Any CPU
	EndGlobalSection
	GlobalSection(ProjectConfigurationPlatforms) = postSolution
		{53C54AB9-93F3-448E-92C0-886A338BB76F}.Debug|Any CPU.ActiveCfg = Debug|Any CPU
		{53C54AB9-93F3-448E-92C0-886A338BB76F}.Debug|Any CPU.Build.0 = Debug|Any CPU
		{53C54AB9-93F3-448E-92C0-886A338BB76F}.Release|Any CPU.ActiveCfg = Release|Any CPU
		{53C54AB9-93F3-448E-92C0-886A338BB76F}.Release|Any CPU.Build.0 = Release|Any CPU
	EndGlobalSection
	GlobalSection(SolutionProperties) = preSolution
		HideSolutionNode = FALSE
	EndGlobalSection
	GlobalSection(ExtensibilityGlobals) = postSolution
		SolutionGuid = {5F0EF00C-8AFD-4D89-A29C-C171B4660292}
	EndGlobalSection
EndGlobal
